# generated by rye
# use `rye lock` or `rye sync` to update this lockfile
#
# last locked with the following flags:
#   pre: false
#   features: []
#   all-features: false
#   with-sources: false
#   generate-hashes: false
#   universal: false

-e file:.
click==8.1.7
    # via cloup
    # via manim
cloup==3.0.5
    # via manim
cython==3.0.11
    # via screeninfo
decorator==5.1.1
    # via manim
glcontext==3.0.0
    # via moderngl
isosurfaces==0.1.2
    # via manim
manim==0.18.1
    # via story-of-renderer
manimpango==0.6.0
    # via manim
mapbox-earcut==1.0.2
    # via manim
markdown-it-py==3.0.0
    # via rich
mdurl==0.1.2
    # via markdown-it-py
moderngl==5.11.1
    # via manim
    # via moderngl-window
moderngl-window==2.4.6
    # via manim
multipledispatch==1.0.0
    # via pyrr
networkx==3.4.1
    # via manim
numpy==1.26.4
    # via isosurfaces
    # via manim
    # via mapbox-earcut
    # via moderngl-window
    # via pyrr
    # via scipy
pillow==10.4.0
    # via manim
    # via moderngl-window
pycairo==1.27.0
    # via manim
pydub==0.25.1
    # via manim
pyglet==2.0.18
    # via moderngl-window
pygments==2.18.0
    # via manim
    # via rich
pyobjc-core==10.3.1
    # via pyobjc-framework-cocoa
pyobjc-framework-cocoa==10.3.1
    # via screeninfo
pyrr==0.10.3
    # via moderngl-window
rich==13.9.2
    # via manim
scipy==1.14.1
    # via manim
screeninfo==0.8.1
    # via manim
skia-pathops==0.8.0.post1
    # via manim
srt==3.5.3
    # via manim
svgelements==1.9.6
    # via manim
tqdm==4.66.5
    # via manim
typing-extensions==4.12.2
    # via manim
watchdog==5.0.3
    # via manim
